
Microsoft Visual Studio Solution File, Format Version 12.00
# Visual Studio Version 16
VisualStudioVersion = 16.0.810.18
MinimumVisualStudioVersion = 10.0.40219.1
Project("{FAE04EC0-301F-11D3-BF4B-00C04F79EFBC}") = "HelpSettle", "HelpSettle\HelpSettle.csproj", "{D42CB84C-9A83-420E-9B72-5082852BBCAC}"
EndProject
Global
	GlobalSection(SolutionConfigurationPlatforms) = preSolution
		Debug|Any CPU = Debug|Any CPU
		Release|Any CPU = Release|Any CPU
	EndGlobalSection
	GlobalSection(ProjectConfigurationPlatforms) = postSolution
		{D42CB84C-9A83-420E-9B72-5082852BBCAC}.Debug|Any CPU.ActiveCfg = Debug|Any CPU
		{D42CB84C-9A83-420E-9B72-5082852BBCAC}.Debug|Any CPU.Build.0 = Debug|Any CPU
		{D42CB84C-9A83-420E-9B72-5082852BBCAC}.Release|Any CPU.ActiveCfg = Release|Any CPU
		{D42CB84C-9A83-420E-9B72-5082852BBCAC}.Release|Any CPU.Build.0 = Release|Any CPU
	EndGlobalSection
	GlobalSection(SolutionProperties) = preSolution
		HideSolutionNode = FALSE
	EndGlobalSection
	GlobalSection(ExtensibilityGlobals) = postSolution
		SolutionGuid = {1BE7CA37-7ECE-4900-BDE7-C183BF664F07}
	EndGlobalSection
EndGlobal
